
Microsoft Visual Studio Solution File, Format Version 12.00
# Visual Studio Version 16
VisualStudioVersion = 16.0.30114.105
MinimumVisualStudioVersion = 10.0.40219.1
Project("{9A19103F-16F7-4668-BE54-9A1E7A4F7556}") = "PayRoll", "PayRoll.csproj", "{B65CB422-5860-4C95-B43C-C6E277C5D8D9}"
EndProject
Global
	GlobalSection(SolutionConfigurationPlatforms) = preSolution
		Debug|Any CPU = Debug|Any CPU
		Release|Any CPU = Release|Any CPU
	EndGlobalSection
	GlobalSection(ProjectConfigurationPlatforms) = postSolution
		{B65CB422-5860-4C95-B43C-C6E277C5D8D9}.Debug|Any CPU.ActiveCfg = Debug|Any CPU
		{B65CB422-5860-4C95-B43C-C6E277C5D8D9}.Debug|Any CPU.Build.0 = Debug|Any CPU
		{B65CB422-5860-4C95-B43C-C6E277C5D8D9}.Release|Any CPU.ActiveCfg = Release|Any CPU
		{B65CB422-5860-4C95-B43C-C6E277C5D8D9}.Release|Any CPU.Build.0 = Release|Any CPU
	EndGlobalSection
	GlobalSection(SolutionProperties) = preSolution
		HideSolutionNode = FALSE
	EndGlobalSection
	GlobalSection(ExtensibilityGlobals) = postSolution
		SolutionGuid = {28FA28C9-A0F7-40B6-B6E5-120385322889}
	EndGlobalSection
EndGlobal
